
Microsoft Visual Studio Solution File, Format Version 12.00
# Visual Studio 15
VisualStudioVersion = 15.0.28307.572
MinimumVisualStudioVersion = 10.0.40219.1
Project("{9A19103F-16F7-4668-BE54-9A1E7A4F7556}") = "WebApplication", "WebApplication\WebApplication.csproj", "{D97C7B45-0BE4-4A64-BB37-005192DDA6ED}"
EndProject
Project("{2150E333-8FDC-42A3-9474-1A3956D46DE8}") = "Tests", "Tests", "{1D6FDCBA-8EF9-4D08-B56A-2E3D306CAB02}"
EndProject
Project("{9A19103F-16F7-4668-BE54-9A1E7A4F7556}") = "WebApplication.UnitTests", "WebApplication.UnitTests\WebApplication.UnitTests.csproj", "{4DAF055B-06A7-4F9C-B040-EDBBAE9ED4EF}"
EndProject
Project("{2150E333-8FDC-42A3-9474-1A3956D46DE8}") = "Solution Items", "Solution Items", "{EB418AA6-44EE-45A1-8FDE-B19330AD22C6}"
	ProjectSection(SolutionItems) = preProject
		CodeCoverage.runsettings = CodeCoverage.runsettings
	EndProjectSection
EndProject
Project("{FAE04EC0-301F-11D3-BF4B-00C04F79EFBC}") = "TestCore", "TestCore\TestCore.csproj", "{A42239B3-E22F-4A48-AF05-6279E5E49762}"
EndProject
Global
	GlobalSection(SolutionConfigurationPlatforms) = preSolution
		Debug|Any CPU = Debug|Any CPU
		Release|Any CPU = Release|Any CPU
	EndGlobalSection
	GlobalSection(ProjectConfigurationPlatforms) = postSolution
		{D97C7B45-0BE4-4A64-BB37-005192DDA6ED}.Debug|Any CPU.ActiveCfg = Debug|Any CPU
		{D97C7B45-0BE4-4A64-BB37-005192DDA6ED}.Debug|Any CPU.Build.0 = Debug|Any CPU
		{D97C7B45-0BE4-4A64-BB37-005192DDA6ED}.Release|Any CPU.ActiveCfg = Release|Any CPU
		{D97C7B45-0BE4-4A64-BB37-005192DDA6ED}.Release|Any CPU.Build.0 = Release|Any CPU
		{4DAF055B-06A7-4F9C-B040-EDBBAE9ED4EF}.Debug|Any CPU.ActiveCfg = Debug|Any CPU
		{4DAF055B-06A7-4F9C-B040-EDBBAE9ED4EF}.Debug|Any CPU.Build.0 = Debug|Any CPU
		{4DAF055B-06A7-4F9C-B040-EDBBAE9ED4EF}.Release|Any CPU.ActiveCfg = Release|Any CPU
		{4DAF055B-06A7-4F9C-B040-EDBBAE9ED4EF}.Release|Any CPU.Build.0 = Release|Any CPU
		{A42239B3-E22F-4A48-AF05-6279E5E49762}.Debug|Any CPU.ActiveCfg = Debug|Any CPU
		{A42239B3-E22F-4A48-AF05-6279E5E49762}.Debug|Any CPU.Build.0 = Debug|Any CPU
		{A42239B3-E22F-4A48-AF05-6279E5E49762}.Release|Any CPU.ActiveCfg = Release|Any CPU
		{A42239B3-E22F-4A48-AF05-6279E5E49762}.Release|Any CPU.Build.0 = Release|Any CPU
	EndGlobalSection
	GlobalSection(SolutionProperties) = preSolution
		HideSolutionNode = FALSE
	EndGlobalSection
	GlobalSection(NestedProjects) = preSolution
		{4DAF055B-06A7-4F9C-B040-EDBBAE9ED4EF} = {1D6FDCBA-8EF9-4D08-B56A-2E3D306CAB02}
		{A42239B3-E22F-4A48-AF05-6279E5E49762} = {1D6FDCBA-8EF9-4D08-B56A-2E3D306CAB02}
	EndGlobalSection
	GlobalSection(ExtensibilityGlobals) = postSolution
		SolutionGuid = {5DF1E2F4-DD3A-4AA9-9915-71D37CDB6BC9}
	EndGlobalSection
EndGlobal
